
Microsoft Visual Studio Solution File, Format Version 12.00
# Visual Studio Version 16
VisualStudioVersion = 16.6.30114.105
MinimumVisualStudioVersion = 10.0.40219.1
Project("{9A19103F-16F7-4668-BE54-9A1E7A4F7556}") = "core", "core\core.csproj", "{CC734CC5-4786-4ACC-A7FB-8585333A3137}"
EndProject
Project("{9A19103F-16F7-4668-BE54-9A1E7A4F7556}") = "core_test", "core_test\core_test.csproj", "{D0101DD5-907C-47BC-A391-F8A152AAE191}"
EndProject
Global
	GlobalSection(SolutionConfigurationPlatforms) = preSolution
		Debug|Any CPU = Debug|Any CPU
		Debug|x64 = Debug|x64
		Debug|x86 = Debug|x86
		Release|Any CPU = Release|Any CPU
		Release|x64 = Release|x64
		Release|x86 = Release|x86
	EndGlobalSection
	GlobalSection(ProjectConfigurationPlatforms) = postSolution
		{CC734CC5-4786-4ACC-A7FB-8585333A3137}.Debug|Any CPU.ActiveCfg = Debug|Any CPU
		{CC734CC5-4786-4ACC-A7FB-8585333A3137}.Debug|Any CPU.Build.0 = Debug|Any CPU
		{CC734CC5-4786-4ACC-A7FB-8585333A3137}.Debug|x64.ActiveCfg = Debug|Any CPU
		{CC734CC5-4786-4ACC-A7FB-8585333A3137}.Debug|x64.Build.0 = Debug|Any CPU
		{CC734CC5-4786-4ACC-A7FB-8585333A3137}.Debug|x86.ActiveCfg = Debug|Any CPU
		{CC734CC5-4786-4ACC-A7FB-8585333A3137}.Debug|x86.Build.0 = Debug|Any CPU
		{CC734CC5-4786-4ACC-A7FB-8585333A3137}.Release|Any CPU.ActiveCfg = Release|Any CPU
		{CC734CC5-4786-4ACC-A7FB-8585333A3137}.Release|Any CPU.Build.0 = Release|Any CPU
		{CC734CC5-4786-4ACC-A7FB-8585333A3137}.Release|x64.ActiveCfg = Release|Any CPU
		{CC734CC5-4786-4ACC-A7FB-8585333A3137}.Release|x64.Build.0 = Release|Any CPU
		{CC734CC5-4786-4ACC-A7FB-8585333A3137}.Release|x86.ActiveCfg = Release|Any CPU
		{CC734CC5-4786-4ACC-A7FB-8585333A3137}.Release|x86.Build.0 = Release|Any CPU
		{D0101DD5-907C-47BC-A391-F8A152AAE191}.Debug|Any CPU.ActiveCfg = Debug|Any CPU
		{D0101DD5-907C-47BC-A391-F8A152AAE191}.Debug|Any CPU.Build.0 = Debug|Any CPU
		{D0101DD5-907C-47BC-A391-F8A152AAE191}.Debug|x64.ActiveCfg = Debug|Any CPU
		{D0101DD5-907C-47BC-A391-F8A152AAE191}.Debug|x64.Build.0 = Debug|Any CPU
		{D0101DD5-907C-47BC-A391-F8A152AAE191}.Debug|x86.ActiveCfg = Debug|Any CPU
		{D0101DD5-907C-47BC-A391-F8A152AAE191}.Debug|x86.Build.0 = Debug|Any CPU
		{D0101DD5-907C-47BC-A391-F8A152AAE191}.Release|Any CPU.ActiveCfg = Release|Any CPU
		{D0101DD5-907C-47BC-A391-F8A152AAE191}.Release|Any CPU.Build.0 = Release|Any CPU
		{D0101DD5-907C-47BC-A391-F8A152AAE191}.Release|x64.ActiveCfg = Release|Any CPU
		{D0101DD5-907C-47BC-A391-F8A152AAE191}.Release|x64.Build.0 = Release|Any CPU
		{D0101DD5-907C-47BC-A391-F8A152AAE191}.Release|x86.ActiveCfg = Release|Any CPU
		{D0101DD5-907C-47BC-A391-F8A152AAE191}.Release|x86.Build.0 = Release|Any CPU
	EndGlobalSection
	GlobalSection(SolutionProperties) = preSolution
		HideSolutionNode = FALSE
	EndGlobalSection
	GlobalSection(ExtensibilityGlobals) = postSolution
		SolutionGuid = {7DF7635C-4CCA-4605-8EE6-119D94D15E07}
	EndGlobalSection
EndGlobal
